<?xml version="1.0" encoding="utf-8"?>
<Project ToolsVersion="4.0" xmlns="http://schemas.microsoft.com/developer/msbuild/2003">
  <ItemGroup>
    <Filter Include="Source Files">
      <UniqueIdentifier>{4FC737F1-C7A5-4376-A066-2A32D752A2FF}</UniqueIdentifier>
      <Extensions>cpp;c;cc;cxx;def;odl;idl;hpj;bat;asm;asmx</Extensions>
    </Filter>
    <Filter Include="Header Files">
      <UniqueIdentifier>{93995380-89BD-4b04-88EB-625FBE52EBFB}</UniqueIdentifier>
      <Extensions>h;hh;hpp;hxx;hm;inl;inc;xsd</Extensions>
    </Filter>
    <Filter Include="Header Files\engine">
      <UniqueIdentifier>{4f8e8ce8-410e-4a9e-96ca-26b1a6e1ed4a}</UniqueIdentifier>
    </Filter>
    <Filter Include="Header Files\banks">
      <UniqueIdentifier>{1b877acd-96c8-4596-8eba-6cc8299ced66}</UniqueIdentifier>
    </Filter>
    <Filter Include="Source Files\banks">
      <UniqueIdentifier>{3118bec3-4f18-45fb-91c4-a66b59092a7f}</UniqueIdentifier>
    </Filter>
    <Filter Include="Header Files\screen">
      <UniqueIdentifier>{74a20b80-c679-4938-af84-530851f1c5be}</UniqueIdentifier>
    </Filter>
    <Filter Include="Header Files\object">
      <UniqueIdentifier>{79a8a461-c450-49f0-8f11-63f21e770726}</UniqueIdentifier>
    </Filter>
    <Filter Include="Header Files\source">
      <UniqueIdentifier>{94e40a83-d16c-4dc9-8e12-729397c74e68}</UniqueIdentifier>
    </Filter>
    <Filter Include="Source Files\source">
      <UniqueIdentifier>{26f64808-1ba2-4e89-acd9-d35b0f52c691}</UniqueIdentifier>
    </Filter>
    <Filter Include="Resource Files">
      <UniqueIdentifier>{67DA6AB6-F800-4c08-8B7A-83BB121AAD01}</UniqueIdentifier>
      <Extensions>rc;ico;cur;bmp;dlg;rc2;rct;bin;rgs;gif;jpg;jpeg;jpe;resx;tiff;tif;png;wav;mfcribbon-ms</Extensions>
    </Filter>
  </ItemGroup>
  <ItemGroup>
    <ClCompile Include="main.c">
      <Filter>Source Files</Filter>
    </ClCompile>
    <ClCompile Include="gfx.c">
      <Filter>Source Files</Filter>
    </ClCompile>
    <ClCompile Include="banks\bank2.c">
      <Filter>Source Files\banks</Filter>
    </ClCompile>
    <ClCompile Include="source\_sms_manager.c">
      <Filter>Source Files\source</Filter>
    </ClCompile>
    <ClCompile Include="source\render_manager.c">
      <Filter>Source Files\source</Filter>
    </ClCompile>
    <ClCompile Include="source\common_manager.c">
      <Filter>Source Files\source</Filter>
    </ClCompile>
    <ClCompile Include="source\game_manager.c">
      <Filter>Source Files\source</Filter>
    </ClCompile>
    <ClCompile Include="source\content_manager.c">
      <Filter>Source Files\source</Filter>
    </ClCompile>
    <ClCompile Include="source\global_manager.c">
      <Filter>Source Files\source</Filter>
    </ClCompile>
    <ClCompile Include="source\font_manager.c">
      <Filter>Source Files\source</Filter>
    </ClCompile>
    <ClCompile Include="source\tile_manager.c">
      <Filter>Source Files\source</Filter>
    </ClCompile>
    <ClCompile Include="source\sprite_manager.c">
      <Filter>Source Files\source</Filter>
    </ClCompile>
    <ClCompile Include="source\input_manager.c">
      <Filter>Source Files\source</Filter>
    </ClCompile>
    <ClCompile Include="source\hack_manager.c">
      <Filter>Source Files\source</Filter>
    </ClCompile>
    <ClCompile Include="source\enemy_manager.c">
      <Filter>Source Files\source</Filter>
    </ClCompile>
    <ClCompile Include="source\player_manager.c">
      <Filter>Source Files\source</Filter>
    </ClCompile>
    <ClCompile Include="source\level_manager.c">
      <Filter>Source Files\source</Filter>
    </ClCompile>
  </ItemGroup>
  <ItemGroup>
    <ClInclude Include="main.h">
      <Filter>Header Files</Filter>
    </ClInclude>
    <ClInclude Include="gfx.h">
      <Filter>Header Files</Filter>
    </ClInclude>
    <ClInclude Include="banks\bank2.h">
      <Filter>Header Files\banks</Filter>
    </ClInclude>
    <ClInclude Include="source\_sms_manager.h">
      <Filter>Header Files\source</Filter>
    </ClInclude>
    <ClInclude Include="source\render_manager.h">
      <Filter>Header Files\source</Filter>
    </ClInclude>
    <ClInclude Include="source\common_manager.h">
      <Filter>Header Files\source</Filter>
    </ClInclude>
    <ClInclude Include="engine\asm_manager.h">
      <Filter>Header Files\engine</Filter>
    </ClInclude>
    <ClInclude Include="source\game_manager.h">
      <Filter>Header Files\source</Filter>
    </ClInclude>
    <ClInclude Include="source\content_manager.h">
      <Filter>Header Files\source</Filter>
    </ClInclude>
    <ClInclude Include="source\global_manager.h">
      <Filter>Header Files\source</Filter>
    </ClInclude>
    <ClInclude Include="source\enum_manager.h">
      <Filter>Header Files\source</Filter>
    </ClInclude>
    <ClInclude Include="source\font_manager.h">
      <Filter>Header Files\source</Filter>
    </ClInclude>
    <ClInclude Include="source\tile_manager.h">
      <Filter>Header Files\source</Filter>
    </ClInclude>
    <ClInclude Include="source\sprite_manager.h">
      <Filter>Header Files\source</Filter>
    </ClInclude>
    <ClInclude Include="source\input_manager.h">
      <Filter>Header Files\source</Filter>
    </ClInclude>
    <ClInclude Include="source\hack_manager.h">
      <Filter>Header Files\source</Filter>
    </ClInclude>
    <ClInclude Include="source\enemy_manager.h">
      <Filter>Header Files\source</Filter>
    </ClInclude>
    <ClInclude Include="source\player_manager.h">
      <Filter>Header Files\source</Filter>
    </ClInclude>
    <ClInclude Include="source\level_manager.h">
      <Filter>Header Files\source</Filter>
    </ClInclude>
  </ItemGroup>
  <ItemGroup>
    <None Include="build.bat">
      <Filter>Resource Files</Filter>
    </None>
  </ItemGroup>
</Project>